
Microsoft Visual Studio Solution File, Format Version 12.00
# Visual Studio Version 17
VisualStudioVersion = 17.0.32014.148
MinimumVisualStudioVersion = 10.0.40219.1
Project("{9A19103F-16F7-4668-BE54-9A1E7A4F7556}") = "ACMEPAY.API", "ACMEPAY.API\ACMEPAY.API.csproj", "{7F2C55ED-C4C5-4134-AA8F-445433E21C7E}"
EndProject
Project("{9A19103F-16F7-4668-BE54-9A1E7A4F7556}") = "ACMEPAY.BE", "ACMEPAY.BE\ACMEPAY.BE.csproj", "{DDDE6AC5-412E-4EEE-9A6C-542B84EE9AB5}"
EndProject
Project("{9A19103F-16F7-4668-BE54-9A1E7A4F7556}") = "ACMEPAY.DB", "ACMEPAY.DB\ACMEPAY.DB.csproj", "{E16E6DD7-C002-441E-9A71-B2D51FE715F9}"
EndProject
Global
	GlobalSection(SolutionConfigurationPlatforms) = preSolution
		Debug|Any CPU = Debug|Any CPU
		Release|Any CPU = Release|Any CPU
	EndGlobalSection
	GlobalSection(ProjectConfigurationPlatforms) = postSolution
		{7F2C55ED-C4C5-4134-AA8F-445433E21C7E}.Debug|Any CPU.ActiveCfg = Debug|Any CPU
		{7F2C55ED-C4C5-4134-AA8F-445433E21C7E}.Debug|Any CPU.Build.0 = Debug|Any CPU
		{7F2C55ED-C4C5-4134-AA8F-445433E21C7E}.Release|Any CPU.ActiveCfg = Release|Any CPU
		{7F2C55ED-C4C5-4134-AA8F-445433E21C7E}.Release|Any CPU.Build.0 = Release|Any CPU
		{DDDE6AC5-412E-4EEE-9A6C-542B84EE9AB5}.Debug|Any CPU.ActiveCfg = Debug|Any CPU
		{DDDE6AC5-412E-4EEE-9A6C-542B84EE9AB5}.Debug|Any CPU.Build.0 = Debug|Any CPU
		{DDDE6AC5-412E-4EEE-9A6C-542B84EE9AB5}.Release|Any CPU.ActiveCfg = Release|Any CPU
		{DDDE6AC5-412E-4EEE-9A6C-542B84EE9AB5}.Release|Any CPU.Build.0 = Release|Any CPU
		{E16E6DD7-C002-441E-9A71-B2D51FE715F9}.Debug|Any CPU.ActiveCfg = Debug|Any CPU
		{E16E6DD7-C002-441E-9A71-B2D51FE715F9}.Debug|Any CPU.Build.0 = Debug|Any CPU
		{E16E6DD7-C002-441E-9A71-B2D51FE715F9}.Release|Any CPU.ActiveCfg = Release|Any CPU
		{E16E6DD7-C002-441E-9A71-B2D51FE715F9}.Release|Any CPU.Build.0 = Release|Any CPU
	EndGlobalSection
	GlobalSection(SolutionProperties) = preSolution
		HideSolutionNode = FALSE
	EndGlobalSection
	GlobalSection(ExtensibilityGlobals) = postSolution
		SolutionGuid = {BA3EF146-2D8D-403B-ACB8-981F26E460E6}
	EndGlobalSection
EndGlobal
